<Solution>
  <Folder Name="/OcppSharp.Examples/">
    <Project Path="OcppSharp.Examples/Client/Client.csproj" />
    <Project Path="OcppSharp.Examples/Server/Server.csproj" />
  </Folder>
  <Folder Name="/Solution Items/">
    <File Path=".editorconfig" />
  </Folder>
  <Project Path="OcppSharp.Tests/OcppSharp.Tests.csproj" />
  <Project Path="OcppSharp/OcppSharp.csproj" />
</Solution>
