<Solution>
  <Folder Name="/ocpp-sharp.examples/">
    <Project Path="ocpp-sharp.examples/client/client.csproj" />
    <Project Path="ocpp-sharp.examples/server/server.csproj" />
  </Folder>
  <Folder Name="/Solution Items/">
    <File Path=".editorconfig" />
  </Folder>
  <Project Path="ocpp-sharp.tests/ocpp-sharp.tests.csproj" />
  <Project Path="ocpp-sharp/ocpp-sharp.csproj" />
</Solution>
